
Microsoft Visual Studio Solution File, Format Version 12.00
# Visual Studio Version 17
VisualStudioVersion = 17.13.35818.85 d17.13
MinimumVisualStudioVersion = 10.0.40219.1
Project("{FAE04EC0-301F-11D3-BF4B-00C04F79EFBC}") = "vega.cardenas.jairon.MP06.UF02.NET.Acces.Dades.MySql", "vega.cardenas.jairon.MP06.UF02.NET.Acces.Dades.MySql\vega.cardenas.jairon.MP06.UF02.NET.Acces.Dades.MySql.csproj", "{F46C41DA-5412-4E14-B31D-9D40E4FF70CE}"
EndProject
Global
	GlobalSection(SolutionConfigurationPlatforms) = preSolution
		Debug|Any CPU = Debug|Any CPU
		Release|Any CPU = Release|Any CPU
	EndGlobalSection
	GlobalSection(ProjectConfigurationPlatforms) = postSolution
		{F46C41DA-5412-4E14-B31D-9D40E4FF70CE}.Debug|Any CPU.ActiveCfg = Debug|Any CPU
		{F46C41DA-5412-4E14-B31D-9D40E4FF70CE}.Debug|Any CPU.Build.0 = Debug|Any CPU
		{F46C41DA-5412-4E14-B31D-9D40E4FF70CE}.Release|Any CPU.ActiveCfg = Release|Any CPU
		{F46C41DA-5412-4E14-B31D-9D40E4FF70CE}.Release|Any CPU.Build.0 = Release|Any CPU
	EndGlobalSection
	GlobalSection(SolutionProperties) = preSolution
		HideSolutionNode = FALSE
	EndGlobalSection
	GlobalSection(ExtensibilityGlobals) = postSolution
		SolutionGuid = {BE5D0C44-C6B3-45AB-8E22-8823BB7B252F}
	EndGlobalSection
EndGlobal
